# This file is automatically @generated by Cargo.
# It is not intended for manual editing.
version = 3

[[package]]
name = "autocfg"
version = "1.4.0"
source = "registry+https://github.com/rust-lang/crates.io-index"
checksum = "ace50bade8e6234aa140d9a2f552bbee1db4d353f69b8217bc503490fc1a9f26"

[[package]]
name = "c2rust-bitfields"
version = "0.3.0"
source = "registry+https://github.com/rust-lang/crates.io-index"
checksum = "eb34f0c0ace43530b2df7f18bc69ee0c4082158aa451ece29602f8c841e73764"
dependencies = [
 "c2rust-bitfields-derive",
]

[[package]]
name = "c2rust-bitfields-derive"
version = "0.2.1"
source = "registry+https://github.com/rust-lang/crates.io-index"
checksum = "3dd1601a7b828ab874d890e5a895563ca8ad485bdd3d2a359f148c8b72537241"
dependencies = [
 "proc-macro2",
 "quote",
 "syn",
]

[[package]]
name = "cc"
version = "1.1.31"
source = "registry+https://github.com/rust-lang/crates.io-index"
checksum = "c2e7962b54006dcfcc61cb72735f4d89bb97061dd6a7ed882ec6b8ee53714c6f"
dependencies = [
 "shlex",
]

[[package]]
name = "f128"
version = "0.2.9"
source = "registry+https://github.com/rust-lang/crates.io-index"
checksum = "0b7d29530784c8b9e49eccb10c95abc69ac72e9e7eb29cb2649b13e08f766d2c"
dependencies = [
 "f128_input",
 "f128_internal",
 "libc",
 "num-traits",
]

[[package]]
name = "f128_input"
version = "0.2.1"
source = "registry+https://github.com/rust-lang/crates.io-index"
checksum = "18a821a6f74745607a8c99c932a8f513e6e7d6ee63725ec95511edf4a94510bb"
dependencies = [
 "f128_internal",
]

[[package]]
name = "f128_internal"
version = "0.2.2"
source = "registry+https://github.com/rust-lang/crates.io-index"
checksum = "9708a33de3cda4e6636670c1af561635fe249cb817dda1a14ec18fe9dda0a99d"
dependencies = [
 "cc",
 "libc",
 "num-traits",
]

[[package]]
name = "libc"
version = "0.2.161"
source = "registry+https://github.com/rust-lang/crates.io-index"
checksum = "8e9489c2807c139ffd9c1794f4af0ebe86a828db53ecdc7fea2111d0fed085d1"

[[package]]
name = "libctf-sys"
version = "0.0.0"
dependencies = [
 "c2rust-bitfields",
 "libc",
 "zlib-sys",
]

[[package]]
name = "num-traits"
version = "0.2.19"
source = "registry+https://github.com/rust-lang/crates.io-index"
checksum = "071dfc062690e90b734c0b2273ce72ad0ffa95f0c74596bc250dcfd960262841"
dependencies = [
 "autocfg",
]

[[package]]
name = "proc-macro2"
version = "1.0.89"
source = "registry+https://github.com/rust-lang/crates.io-index"
checksum = "f139b0662de085916d1fb67d2b4169d1addddda1919e696f3252b740b629986e"
dependencies = [
 "unicode-ident",
]

[[package]]
name = "quote"
version = "1.0.37"
source = "registry+https://github.com/rust-lang/crates.io-index"
checksum = "b5b9d34b8991d19d98081b46eacdd8eb58c6f2b201139f7c5f643cc155a633af"
dependencies = [
 "proc-macro2",
]

[[package]]
name = "shlex"
version = "1.3.0"
source = "registry+https://github.com/rust-lang/crates.io-index"
checksum = "0fda2ff0d084019ba4d7c6f371c95d8fd75ce3524c3cb8fb653a3023f6323e64"

[[package]]
name = "syn"
version = "1.0.109"
source = "registry+https://github.com/rust-lang/crates.io-index"
checksum = "72b64191b275b66ffe2469e8af2c1cfe3bafa67b529ead792a6d0160888b4237"
dependencies = [
 "proc-macro2",
 "quote",
 "unicode-ident",
]

[[package]]
name = "unicode-ident"
version = "1.0.13"
source = "registry+https://github.com/rust-lang/crates.io-index"
checksum = "e91b56cd4cadaeb79bbf1a5645f6b4f8dc5bde8834ad5894a8db35fda9efa1fe"

[[package]]
name = "zlib-sys"
version = "0.0.0"
dependencies = [
 "f128",
 "libc",
]
